
Microsoft Visual Studio Solution File, Format Version 12.00
# Visual Studio Version 16
VisualStudioVersion = 16.0.31911.196
MinimumVisualStudioVersion = 10.0.40219.1
Project("{FAE04EC0-301F-11D3-BF4B-00C04F79EFBC}") = "ChallengeOneRepo", "ChallengeOneRepo\ChallengeOneRepo.csproj", "{3C9B9626-26D0-4D63-9849-423F80061F0E}"
EndProject
Project("{FAE04EC0-301F-11D3-BF4B-00C04F79EFBC}") = "ChallengeOneConsole", "ChallengeOneConsole\ChallengeOneConsole.csproj", "{D6354B26-8A6A-4F62-915F-47F19C0DFE80}"
EndProject
Project("{FAE04EC0-301F-11D3-BF4B-00C04F79EFBC}") = "ChallengeOneUnitTest", "ChallengeOneUnitTest\ChallengeOneUnitTest.csproj", "{5B9FA1FD-154E-448D-AE11-82B6FDC6D631}"
EndProject
Global
	GlobalSection(SolutionConfigurationPlatforms) = preSolution
		Debug|Any CPU = Debug|Any CPU
		Release|Any CPU = Release|Any CPU
	EndGlobalSection
	GlobalSection(ProjectConfigurationPlatforms) = postSolution
		{3C9B9626-26D0-4D63-9849-423F80061F0E}.Debug|Any CPU.ActiveCfg = Debug|Any CPU
		{3C9B9626-26D0-4D63-9849-423F80061F0E}.Debug|Any CPU.Build.0 = Debug|Any CPU
		{3C9B9626-26D0-4D63-9849-423F80061F0E}.Release|Any CPU.ActiveCfg = Release|Any CPU
		{3C9B9626-26D0-4D63-9849-423F80061F0E}.Release|Any CPU.Build.0 = Release|Any CPU
		{D6354B26-8A6A-4F62-915F-47F19C0DFE80}.Debug|Any CPU.ActiveCfg = Debug|Any CPU
		{D6354B26-8A6A-4F62-915F-47F19C0DFE80}.Debug|Any CPU.Build.0 = Debug|Any CPU
		{D6354B26-8A6A-4F62-915F-47F19C0DFE80}.Release|Any CPU.ActiveCfg = Release|Any CPU
		{D6354B26-8A6A-4F62-915F-47F19C0DFE80}.Release|Any CPU.Build.0 = Release|Any CPU
		{5B9FA1FD-154E-448D-AE11-82B6FDC6D631}.Debug|Any CPU.ActiveCfg = Debug|Any CPU
		{5B9FA1FD-154E-448D-AE11-82B6FDC6D631}.Debug|Any CPU.Build.0 = Debug|Any CPU
		{5B9FA1FD-154E-448D-AE11-82B6FDC6D631}.Release|Any CPU.ActiveCfg = Release|Any CPU
		{5B9FA1FD-154E-448D-AE11-82B6FDC6D631}.Release|Any CPU.Build.0 = Release|Any CPU
	EndGlobalSection
	GlobalSection(SolutionProperties) = preSolution
		HideSolutionNode = FALSE
	EndGlobalSection
	GlobalSection(ExtensibilityGlobals) = postSolution
		SolutionGuid = {F57A87CA-6A48-4818-8E68-C341942E55A4}
	EndGlobalSection
EndGlobal
